
Microsoft Visual Studio Solution File, Format Version 12.00
# Visual Studio Version 17
VisualStudioVersion = 17.2.32505.173
MinimumVisualStudioVersion = 10.0.40219.1
Project("{FAE04EC0-301F-11D3-BF4B-00C04F79EFBC}") = "WpfApp2", "WpfApp2\WpfApp2.csproj", "{3B10DF16-BA5D-49E0-A6B4-5C859F7FF301}"
EndProject
Global
	GlobalSection(SolutionConfigurationPlatforms) = preSolution
		Debug|Any CPU = Debug|Any CPU
		Release|Any CPU = Release|Any CPU
	EndGlobalSection
	GlobalSection(ProjectConfigurationPlatforms) = postSolution
		{3B10DF16-BA5D-49E0-A6B4-5C859F7FF301}.Debug|Any CPU.ActiveCfg = Debug|Any CPU
		{3B10DF16-BA5D-49E0-A6B4-5C859F7FF301}.Debug|Any CPU.Build.0 = Debug|Any CPU
		{3B10DF16-BA5D-49E0-A6B4-5C859F7FF301}.Release|Any CPU.ActiveCfg = Release|Any CPU
		{3B10DF16-BA5D-49E0-A6B4-5C859F7FF301}.Release|Any CPU.Build.0 = Release|Any CPU
	EndGlobalSection
	GlobalSection(SolutionProperties) = preSolution
		HideSolutionNode = FALSE
	EndGlobalSection
	GlobalSection(ExtensibilityGlobals) = postSolution
		SolutionGuid = {F8254FD2-0AF3-43A3-A32A-6AB4D1AA80DB}
	EndGlobalSection
EndGlobal
